// !$*UTF8*$!
{
	archiveVersion = 1;
	classes = {
	};
	objectVersion = 77;
	objects = {

/* Begin PBXContainerItemProxy section */
		A20000000000000000000001 /* PBXContainerItemProxy */ = {
			isa = PBXContainerItemProxy;
			containerPortal = A30000000000000000000001 /* Project object */;
			proxyType = 1;
			remoteGlobalIDString = A10000000000000000000001;
			remoteInfo = MacVoice;
		};
/* End PBXContainerItemProxy section */

/* Begin PBXFileReference section */
		A40000000000000000000001 /* MacVoice.app */ = {isa = PBXFileReference; explicitFileType = wrapper.application; includeInIndex = 0; path = MacVoice.app; sourceTree = BUILT_PRODUCTS_DIR; };
		A40000000000000000000002 /* MacVoiceTests.xctest */ = {isa = PBXFileReference; explicitFileType = wrapper.cfbundle; includeInIndex = 0; path = MacVoiceTests.xctest; sourceTree = BUILT_PRODUCTS_DIR; };
		A40000000000000000000003 /* MacVoiceUITests.xctest */ = {isa = PBXFileReference; explicitFileType = wrapper.cfbundle; includeInIndex = 0; path = MacVoiceUITests.xctest; sourceTree = BUILT_PRODUCTS_DIR; };
		A40000000000000000000004 /* MacVoice.entitlements */ = {isa = PBXFileReference; lastKnownFileType = text.plist.entitlements; path = MacVoice.entitlements; sourceTree = "<group>"; };
/* End PBXFileReference section */

/* Begin PBXFileSystemSynchronizedRootGroup section */
		A50000000000000000000001 /* MacVoice */ = {
			isa = PBXFileSystemSynchronizedRootGroup;
			path = Sources/MacVoice;
			sourceTree = "<group>";
		};
		A50000000000000000000002 /* MacVoiceTests */ = {
			isa = PBXFileSystemSynchronizedRootGroup;
			path = Tests/MacVoiceTests;
			sourceTree = "<group>";
		};
		A50000000000000000000003 /* MacVoiceUITests */ = {
			isa = PBXFileSystemSynchronizedRootGroup;
			path = Tests/MacVoiceUITests;
			sourceTree = "<group>";
		};
/* End PBXFileSystemSynchronizedRootGroup section */

/* Begin PBXFrameworksBuildPhase section */
		A60000000000000000000001 /* Frameworks */ = {isa = PBXFrameworksBuildPhase; buildActionMask = 2147483647; files = (); runOnlyForDeploymentPostprocessing = 0; };
		A60000000000000000000002 /* Frameworks */ = {isa = PBXFrameworksBuildPhase; buildActionMask = 2147483647; files = (); runOnlyForDeploymentPostprocessing = 0; };
		A60000000000000000000003 /* Frameworks */ = {isa = PBXFrameworksBuildPhase; buildActionMask = 2147483647; files = (); runOnlyForDeploymentPostprocessing = 0; };
/* End PBXFrameworksBuildPhase section */

/* Begin PBXGroup section */
		A70000000000000000000001 = {
			isa = PBXGroup;
			children = (
				A50000000000000000000001 /* MacVoice */,
				A50000000000000000000002 /* MacVoiceTests */,
				A50000000000000000000003 /* MacVoiceUITests */,
				A40000000000000000000004 /* MacVoice.entitlements */,
				A70000000000000000000002 /* Products */,
			);
			sourceTree = "<group>";
		};
		A70000000000000000000002 /* Products */ = {
			isa = PBXGroup;
			children = (
				A40000000000000000000001 /* MacVoice.app */,
				A40000000000000000000002 /* MacVoiceTests.xctest */,
				A40000000000000000000003 /* MacVoiceUITests.xctest */,
			);
			name = Products;
			sourceTree = "<group>";
		};
/* End PBXGroup section */

/* Begin PBXNativeTarget section */
		A10000000000000000000001 /* MacVoice */ = {
			isa = PBXNativeTarget;
			buildConfigurationList = AB0000000000000000000001 /* Build configuration list for PBXNativeTarget "MacVoice" */;
			buildPhases = (
				A80000000000000000000001 /* Sources */,
				A60000000000000000000001 /* Frameworks */,
				A90000000000000000000001 /* Resources */,
			);
			buildRules = ();
			dependencies = ();
			fileSystemSynchronizedGroups = (A50000000000000000000001 /* MacVoice */);
			name = MacVoice;
			packageProductDependencies = ();
			productName = MacVoice;
			productReference = A40000000000000000000001 /* MacVoice.app */;
			productType = "com.apple.product-type.application";
		};
		A10000000000000000000002 /* MacVoiceTests */ = {
			isa = PBXNativeTarget;
			buildConfigurationList = AB0000000000000000000002 /* Build configuration list for PBXNativeTarget "MacVoiceTests" */;
			buildPhases = (
				A80000000000000000000002 /* Sources */,
				A60000000000000000000002 /* Frameworks */,
				A90000000000000000000002 /* Resources */,
			);
			buildRules = ();
			dependencies = (AA0000000000000000000001 /* PBXTargetDependency */);
			fileSystemSynchronizedGroups = (A50000000000000000000002 /* MacVoiceTests */);
			name = MacVoiceTests;
			packageProductDependencies = ();
			productName = MacVoiceTests;
			productReference = A40000000000000000000002 /* MacVoiceTests.xctest */;
			productType = "com.apple.product-type.bundle.unit-test";
		};
		A10000000000000000000003 /* MacVoiceUITests */ = {
			isa = PBXNativeTarget;
			buildConfigurationList = AB0000000000000000000003 /* Build configuration list for PBXNativeTarget "MacVoiceUITests" */;
			buildPhases = (
				A80000000000000000000003 /* Sources */,
				A60000000000000000000003 /* Frameworks */,
				A90000000000000000000003 /* Resources */,
			);
			buildRules = ();
			dependencies = (AA0000000000000000000001 /* PBXTargetDependency */);
			fileSystemSynchronizedGroups = (A50000000000000000000003 /* MacVoiceUITests */);
			name = MacVoiceUITests;
			packageProductDependencies = ();
			productName = MacVoiceUITests;
			productReference = A40000000000000000000003 /* MacVoiceUITests.xctest */;
			productType = "com.apple.product-type.bundle.ui-testing";
		};
/* End PBXNativeTarget section */

/* Begin PBXProject section */
		A30000000000000000000001 /* Project object */ = {
			isa = PBXProject;
			attributes = {
				BuildIndependentTargetsInParallel = 1;
				LastSwiftUpdateCheck = 1600;
				LastUpgradeCheck = 1600;
				TargetAttributes = {
					A10000000000000000000001 = {CreatedOnToolsVersion = 16.0; };
					A10000000000000000000002 = {CreatedOnToolsVersion = 16.0; TestTargetID = A10000000000000000000001; };
					A10000000000000000000003 = {CreatedOnToolsVersion = 16.0; TestTargetID = A10000000000000000000001; };
				};
			};
			buildConfigurationList = AB0000000000000000000000 /* Build configuration list for PBXProject "MacVoice" */;
			compatibilityVersion = "Xcode 16.0";
			developmentRegion = en;
			hasScannedForEncodings = 0;
			knownRegions = (en, ru, Base);
			mainGroup = A70000000000000000000001;
			minimizedProjectReferenceProxies = 1;
			preferredProjectObjectVersion = 77;
			productRefGroup = A70000000000000000000002 /* Products */;
			projectDirPath = "";
			projectRoot = "";
			targets = (
				A10000000000000000000001 /* MacVoice */,
				A10000000000000000000002 /* MacVoiceTests */,
				A10000000000000000000003 /* MacVoiceUITests */,
			);
		};
/* End PBXProject section */

/* Begin PBXResourcesBuildPhase section */
		A90000000000000000000001 /* Resources */ = {isa = PBXResourcesBuildPhase; buildActionMask = 2147483647; files = (); runOnlyForDeploymentPostprocessing = 0; };
		A90000000000000000000002 /* Resources */ = {isa = PBXResourcesBuildPhase; buildActionMask = 2147483647; files = (); runOnlyForDeploymentPostprocessing = 0; };
		A90000000000000000000003 /* Resources */ = {isa = PBXResourcesBuildPhase; buildActionMask = 2147483647; files = (); runOnlyForDeploymentPostprocessing = 0; };
/* End PBXResourcesBuildPhase section */

/* Begin PBXSourcesBuildPhase section */
		A80000000000000000000001 /* Sources */ = {isa = PBXSourcesBuildPhase; buildActionMask = 2147483647; files = (); runOnlyForDeploymentPostprocessing = 0; };
		A80000000000000000000002 /* Sources */ = {isa = PBXSourcesBuildPhase; buildActionMask = 2147483647; files = (); runOnlyForDeploymentPostprocessing = 0; };
		A80000000000000000000003 /* Sources */ = {isa = PBXSourcesBuildPhase; buildActionMask = 2147483647; files = (); runOnlyForDeploymentPostprocessing = 0; };
/* End PBXSourcesBuildPhase section */

/* Begin PBXTargetDependency section */
		AA0000000000000000000001 /* PBXTargetDependency */ = {
			isa = PBXTargetDependency;
			target = A10000000000000000000001 /* MacVoice */;
			targetProxy = A20000000000000000000001 /* PBXContainerItemProxy */;
		};
/* End PBXTargetDependency section */

/* Begin XCBuildConfiguration section */
		AC0000000000000000000001 /* Debug */ = {isa = XCBuildConfiguration; buildSettings = {ALWAYS_SEARCH_USER_PATHS = NO; CLANG_ENABLE_MODULES = YES; COPY_PHASE_STRIP = NO; DEBUG_INFORMATION_FORMAT = dwarf; ENABLE_TESTABILITY = YES; GCC_C_LANGUAGE_STANDARD = gnu17; GCC_OPTIMIZATION_LEVEL = 0; ONLY_ACTIVE_ARCH = YES; SDKROOT = macosx; SWIFT_ACTIVE_COMPILATION_CONDITIONS = "DEBUG $(inherited)"; SWIFT_OPTIMIZATION_LEVEL = "-Onone"; }; name = Debug; };
		AC0000000000000000000002 /* Release */ = {isa = XCBuildConfiguration; buildSettings = {ALWAYS_SEARCH_USER_PATHS = NO; CLANG_ENABLE_MODULES = YES; COPY_PHASE_STRIP = NO; DEBUG_INFORMATION_FORMAT = "dwarf-with-dsym"; ENABLE_NS_ASSERTIONS = NO; GCC_C_LANGUAGE_STANDARD = gnu17; SDKROOT = macosx; SWIFT_COMPILATION_MODE = wholemodule; SWIFT_OPTIMIZATION_LEVEL = "-O"; }; name = Release; };
		AC0000000000000000000011 /* Debug */ = {
			isa = XCBuildConfiguration;
			buildSettings = {
				ARCHS = arm64;
				ASSETCATALOG_COMPILER_APPICON_NAME = AppIcon;
				CODE_SIGN_ENTITLEMENTS = MacVoice.entitlements;
				CODE_SIGN_IDENTITY = "-";
				CODE_SIGN_STYLE = Manual;
				COMBINE_HIDPI_IMAGES = YES;
				CURRENT_PROJECT_VERSION = 1;
				ENABLE_APP_SANDBOX = NO;
				ENABLE_HARDENED_RUNTIME = YES;
				ENABLE_PREVIEWS = YES;
				GENERATE_INFOPLIST_FILE = YES;
				INFOPLIST_KEY_CFBundleDisplayName = MacVoice;
				INFOPLIST_KEY_LSApplicationCategoryType = "public.app-category.productivity";
				INFOPLIST_KEY_NSHumanReadableCopyright = "Copyright © 2026 Nikita. MIT License.";
				INFOPLIST_KEY_NSMicrophoneUsageDescription = "MacVoice needs microphone access to record speech for transcription.";
				LD_RUNPATH_SEARCH_PATHS = "@executable_path/../Frameworks";
				MACOSX_DEPLOYMENT_TARGET = 15.0;
				MARKETING_VERSION = 1.0.0;
				PRODUCT_BUNDLE_IDENTIFIER = com.mazazyrik.MacVoice;
				PRODUCT_NAME = "$(TARGET_NAME)";
				SUPPORTED_PLATFORMS = macosx;
				SWIFT_EMIT_LOC_STRINGS = YES;
				SWIFT_STRICT_CONCURRENCY = complete;
				SWIFT_VERSION = 6.0;
			};
			name = Debug;
		};
		AC0000000000000000000012 /* Release */ = {
			isa = XCBuildConfiguration;
			buildSettings = {
				ARCHS = arm64;
				ASSETCATALOG_COMPILER_APPICON_NAME = AppIcon;
				CODE_SIGN_ENTITLEMENTS = MacVoice.entitlements;
				CODE_SIGN_IDENTITY = "-";
				CODE_SIGN_STYLE = Manual;
				COMBINE_HIDPI_IMAGES = YES;
				CURRENT_PROJECT_VERSION = 1;
				ENABLE_APP_SANDBOX = NO;
				ENABLE_HARDENED_RUNTIME = YES;
				GENERATE_INFOPLIST_FILE = YES;
				INFOPLIST_KEY_CFBundleDisplayName = MacVoice;
				INFOPLIST_KEY_LSApplicationCategoryType = "public.app-category.productivity";
				INFOPLIST_KEY_NSHumanReadableCopyright = "Copyright © 2026 Nikita. MIT License.";
				INFOPLIST_KEY_NSMicrophoneUsageDescription = "MacVoice needs microphone access to record speech for transcription.";
				LD_RUNPATH_SEARCH_PATHS = "@executable_path/../Frameworks";
				MACOSX_DEPLOYMENT_TARGET = 15.0;
				MARKETING_VERSION = 1.0.0;
				PRODUCT_BUNDLE_IDENTIFIER = com.mazazyrik.MacVoice;
				PRODUCT_NAME = "$(TARGET_NAME)";
				SUPPORTED_PLATFORMS = macosx;
				SWIFT_EMIT_LOC_STRINGS = YES;
				SWIFT_STRICT_CONCURRENCY = complete;
				SWIFT_VERSION = 6.0;
			};
			name = Release;
		};
		AC0000000000000000000021 /* Debug */ = {isa = XCBuildConfiguration; buildSettings = {BUNDLE_LOADER = "$(TEST_HOST)"; CODE_SIGN_IDENTITY = "-"; CODE_SIGN_STYLE = Manual; GENERATE_INFOPLIST_FILE = YES; MACOSX_DEPLOYMENT_TARGET = 15.0; PRODUCT_BUNDLE_IDENTIFIER = com.mazazyrik.MacVoiceTests; PRODUCT_NAME = "$(TARGET_NAME)"; SWIFT_STRICT_CONCURRENCY = complete; SWIFT_VERSION = 6.0; TEST_HOST = "$(BUILT_PRODUCTS_DIR)/MacVoice.app/Contents/MacOS/MacVoice"; }; name = Debug; };
		AC0000000000000000000022 /* Release */ = {isa = XCBuildConfiguration; buildSettings = {BUNDLE_LOADER = "$(TEST_HOST)"; CODE_SIGN_IDENTITY = "-"; CODE_SIGN_STYLE = Manual; GENERATE_INFOPLIST_FILE = YES; MACOSX_DEPLOYMENT_TARGET = 15.0; PRODUCT_BUNDLE_IDENTIFIER = com.mazazyrik.MacVoiceTests; PRODUCT_NAME = "$(TARGET_NAME)"; SWIFT_STRICT_CONCURRENCY = complete; SWIFT_VERSION = 6.0; TEST_HOST = "$(BUILT_PRODUCTS_DIR)/MacVoice.app/Contents/MacOS/MacVoice"; }; name = Release; };
		AC0000000000000000000031 /* Debug */ = {isa = XCBuildConfiguration; buildSettings = {CODE_SIGN_IDENTITY = "-"; CODE_SIGN_STYLE = Manual; GENERATE_INFOPLIST_FILE = YES; MACOSX_DEPLOYMENT_TARGET = 15.0; PRODUCT_BUNDLE_IDENTIFIER = com.mazazyrik.MacVoiceUITests; PRODUCT_NAME = "$(TARGET_NAME)"; SWIFT_STRICT_CONCURRENCY = complete; SWIFT_VERSION = 6.0; TEST_TARGET_NAME = MacVoice; }; name = Debug; };
		AC0000000000000000000032 /* Release */ = {isa = XCBuildConfiguration; buildSettings = {CODE_SIGN_IDENTITY = "-"; CODE_SIGN_STYLE = Manual; GENERATE_INFOPLIST_FILE = YES; MACOSX_DEPLOYMENT_TARGET = 15.0; PRODUCT_BUNDLE_IDENTIFIER = com.mazazyrik.MacVoiceUITests; PRODUCT_NAME = "$(TARGET_NAME)"; SWIFT_STRICT_CONCURRENCY = complete; SWIFT_VERSION = 6.0; TEST_TARGET_NAME = MacVoice; }; name = Release; };
/* End XCBuildConfiguration section */

/* Begin XCConfigurationList section */
		AB0000000000000000000000 /* Build configuration list for PBXProject "MacVoice" */ = {isa = XCConfigurationList; buildConfigurations = (AC0000000000000000000001 /* Debug */, AC0000000000000000000002 /* Release */); defaultConfigurationIsVisible = 0; defaultConfigurationName = Release; };
		AB0000000000000000000001 /* Build configuration list for PBXNativeTarget "MacVoice" */ = {isa = XCConfigurationList; buildConfigurations = (AC0000000000000000000011 /* Debug */, AC0000000000000000000012 /* Release */); defaultConfigurationIsVisible = 0; defaultConfigurationName = Release; };
		AB0000000000000000000002 /* Build configuration list for PBXNativeTarget "MacVoiceTests" */ = {isa = XCConfigurationList; buildConfigurations = (AC0000000000000000000021 /* Debug */, AC0000000000000000000022 /* Release */); defaultConfigurationIsVisible = 0; defaultConfigurationName = Release; };
		AB0000000000000000000003 /* Build configuration list for PBXNativeTarget "MacVoiceUITests" */ = {isa = XCConfigurationList; buildConfigurations = (AC0000000000000000000031 /* Debug */, AC0000000000000000000032 /* Release */); defaultConfigurationIsVisible = 0; defaultConfigurationName = Release; };
/* End XCConfigurationList section */
	};
	rootObject = A30000000000000000000001 /* Project object */;
}
